
Microsoft Visual Studio Solution File, Format Version 12.00
# Visual Studio Version 17
VisualStudioVersion = 17.14.36221.1
MinimumVisualStudioVersion = 10.0.40219.1
Project("{FAE04EC0-301F-11D3-BF4B-00C04F79EFBC}") = "FullStackCI", "FullStackCI.csproj", "{6C3DCD9A-430D-4395-B496-12DC44F6F543}"
EndProject
Project("{FAE04EC0-301F-11D3-BF4B-00C04F79EFBC}") = "FullStackCITest", "..\FullStackCITest\FullStackCITest.csproj", "{B5EFE1E5-6994-460C-BF90-D0C2EDC06EA1}"
EndProject
Global
	GlobalSection(SolutionConfigurationPlatforms) = preSolution
		Debug|Any CPU = Debug|Any CPU
		Release|Any CPU = Release|Any CPU
	EndGlobalSection
	GlobalSection(ProjectConfigurationPlatforms) = postSolution
		{6C3DCD9A-430D-4395-B496-12DC44F6F543}.Debug|Any CPU.ActiveCfg = Debug|Any CPU
		{6C3DCD9A-430D-4395-B496-12DC44F6F543}.Debug|Any CPU.Build.0 = Debug|Any CPU
		{6C3DCD9A-430D-4395-B496-12DC44F6F543}.Release|Any CPU.ActiveCfg = Release|Any CPU
		{6C3DCD9A-430D-4395-B496-12DC44F6F543}.Release|Any CPU.Build.0 = Release|Any CPU
		{B5EFE1E5-6994-460C-BF90-D0C2EDC06EA1}.Debug|Any CPU.ActiveCfg = Debug|Any CPU
		{B5EFE1E5-6994-460C-BF90-D0C2EDC06EA1}.Debug|Any CPU.Build.0 = Debug|Any CPU
		{B5EFE1E5-6994-460C-BF90-D0C2EDC06EA1}.Release|Any CPU.ActiveCfg = Release|Any CPU
		{B5EFE1E5-6994-460C-BF90-D0C2EDC06EA1}.Release|Any CPU.Build.0 = Release|Any CPU
	EndGlobalSection
	GlobalSection(SolutionProperties) = preSolution
		HideSolutionNode = FALSE
	EndGlobalSection
	GlobalSection(ExtensibilityGlobals) = postSolution
		SolutionGuid = {4F0AF2B4-C610-401D-B0E2-22F30346DD10}
	EndGlobalSection
EndGlobal
